
Microsoft Visual Studio Solution File, Format Version 12.00
# Visual Studio Version 16
VisualStudioVersion = 16.0.30114.105
MinimumVisualStudioVersion = 10.0.40219.1
Project("{2150E333-8FDC-42A3-9474-1A3956D46DE8}") = "src", "src", "{7627EFDC-E9BD-4651-954F-CDFEAEC54453}"
EndProject
Project("{FAE04EC0-301F-11D3-BF4B-00C04F79EFBC}") = "Protobuf", "src\Protobuf\Protobuf.csproj", "{A5EAD56F-CD6B-4AA7-AC36-BAACF75B966F}"
EndProject
Global
	GlobalSection(SolutionConfigurationPlatforms) = preSolution
		Debug|Any CPU = Debug|Any CPU
		Debug|x64 = Debug|x64
		Debug|x86 = Debug|x86
		Release|Any CPU = Release|Any CPU
		Release|x64 = Release|x64
		Release|x86 = Release|x86
	EndGlobalSection
	GlobalSection(SolutionProperties) = preSolution
		HideSolutionNode = FALSE
	EndGlobalSection
	GlobalSection(ProjectConfigurationPlatforms) = postSolution
		{A5EAD56F-CD6B-4AA7-AC36-BAACF75B966F}.Debug|Any CPU.ActiveCfg = Debug|Any CPU
		{A5EAD56F-CD6B-4AA7-AC36-BAACF75B966F}.Debug|Any CPU.Build.0 = Debug|Any CPU
		{A5EAD56F-CD6B-4AA7-AC36-BAACF75B966F}.Debug|x64.ActiveCfg = Debug|Any CPU
		{A5EAD56F-CD6B-4AA7-AC36-BAACF75B966F}.Debug|x64.Build.0 = Debug|Any CPU
		{A5EAD56F-CD6B-4AA7-AC36-BAACF75B966F}.Debug|x86.ActiveCfg = Debug|Any CPU
		{A5EAD56F-CD6B-4AA7-AC36-BAACF75B966F}.Debug|x86.Build.0 = Debug|Any CPU
		{A5EAD56F-CD6B-4AA7-AC36-BAACF75B966F}.Release|Any CPU.ActiveCfg = Release|Any CPU
		{A5EAD56F-CD6B-4AA7-AC36-BAACF75B966F}.Release|Any CPU.Build.0 = Release|Any CPU
		{A5EAD56F-CD6B-4AA7-AC36-BAACF75B966F}.Release|x64.ActiveCfg = Release|Any CPU
		{A5EAD56F-CD6B-4AA7-AC36-BAACF75B966F}.Release|x64.Build.0 = Release|Any CPU
		{A5EAD56F-CD6B-4AA7-AC36-BAACF75B966F}.Release|x86.ActiveCfg = Release|Any CPU
		{A5EAD56F-CD6B-4AA7-AC36-BAACF75B966F}.Release|x86.Build.0 = Release|Any CPU
	EndGlobalSection
	GlobalSection(NestedProjects) = preSolution
		{A5EAD56F-CD6B-4AA7-AC36-BAACF75B966F} = {7627EFDC-E9BD-4651-954F-CDFEAEC54453}
	EndGlobalSection
EndGlobal
